
Microsoft Visual Studio Solution File, Format Version 12.00
# Visual Studio Version 17
VisualStudioVersion = 17.8.34309.116
MinimumVisualStudioVersion = 10.0.40219.1
Project("{FAE04EC0-301F-11D3-BF4B-00C04F79EFBC}") = "EasySave", "EasySave\EasySave.csproj", "{353BCDC5-B56A-4A83-AE1A-97D3E3E58312}"
EndProject
Global
	GlobalSection(SolutionConfigurationPlatforms) = preSolution
		Debug|Any CPU = Debug|Any CPU
		Release|Any CPU = Release|Any CPU
	EndGlobalSection
	GlobalSection(ProjectConfigurationPlatforms) = postSolution
		{353BCDC5-B56A-4A83-AE1A-97D3E3E58312}.Debug|Any CPU.ActiveCfg = Debug|Any CPU
		{353BCDC5-B56A-4A83-AE1A-97D3E3E58312}.Debug|Any CPU.Build.0 = Debug|Any CPU
		{353BCDC5-B56A-4A83-AE1A-97D3E3E58312}.Release|Any CPU.ActiveCfg = Release|Any CPU
		{353BCDC5-B56A-4A83-AE1A-97D3E3E58312}.Release|Any CPU.Build.0 = Release|Any CPU
	EndGlobalSection
	GlobalSection(SolutionProperties) = preSolution
		HideSolutionNode = FALSE
	EndGlobalSection
	GlobalSection(ExtensibilityGlobals) = postSolution
		SolutionGuid = {D3F97985-25DE-41DD-AF4B-A83C31875018}
	EndGlobalSection
EndGlobal
