
Microsoft Visual Studio Solution File, Format Version 12.00
# Visual Studio Version 17
VisualStudioVersion = 17.8.34309.116
MinimumVisualStudioVersion = 10.0.40219.1
Project("{FAE04EC0-301F-11D3-BF4B-00C04F79EFBC}") = "EasySave", "EasySave\EasySave.csproj", "{304DB52A-991F-4F5B-A17C-EA393B0867A3}"
EndProject
Global
	GlobalSection(SolutionConfigurationPlatforms) = preSolution
		Debug|Any CPU = Debug|Any CPU
		Release|Any CPU = Release|Any CPU
	EndGlobalSection
	GlobalSection(ProjectConfigurationPlatforms) = postSolution
		{304DB52A-991F-4F5B-A17C-EA393B0867A3}.Debug|Any CPU.ActiveCfg = Debug|Any CPU
		{304DB52A-991F-4F5B-A17C-EA393B0867A3}.Debug|Any CPU.Build.0 = Debug|Any CPU
		{304DB52A-991F-4F5B-A17C-EA393B0867A3}.Release|Any CPU.ActiveCfg = Release|Any CPU
		{304DB52A-991F-4F5B-A17C-EA393B0867A3}.Release|Any CPU.Build.0 = Release|Any CPU
	EndGlobalSection
	GlobalSection(SolutionProperties) = preSolution
		HideSolutionNode = FALSE
	EndGlobalSection
	GlobalSection(ExtensibilityGlobals) = postSolution
		SolutionGuid = {B50667B5-AB23-4C12-984C-2316EDDE500F}
	EndGlobalSection
EndGlobal
